{
    "_readme": [
        "This file locks the dependencies of your project to a known state",
        "Read more about it at https://getcomposer.org/doc/01-basic-usage.md#installing-dependencies",
        "This file is @generated automatically"
    ],
    "content-hash": "2f105b90d884d70692025af954bf5ca4",
    "packages": [
        {
            "name": "nette/neon",
            "version": "v3.4.8",
            "source": {
                "type": "git",
                "url": "https://github.com/nette/neon.git",
                "reference": "9009f99ce1396b366a88ca16c90177148352b7d3"
            },
            "dist": {
                "type": "zip",
                "url": "https://api.github.com/repos/nette/neon/zipball/9009f99ce1396b366a88ca16c90177148352b7d3",
                "reference": "9009f99ce1396b366a88ca16c90177148352b7d3",
                "shasum": ""
            },
            "require": {
                "ext-json": "*",
                "php": "8.0 - 8.5"
            },
            "require-dev": {
                "nette/tester": "^2.4",
                "phpstan/phpstan-nette": "^2.0@stable",
                "tracy/tracy": "^2.7"
            },
            "bin": [
                "bin/neon-lint"
            ],
            "type": "library",
            "extra": {
                "branch-alias": {
                    "dev-master": "3.4-dev"
                }
            },
            "autoload": {
                "psr-4": {
                    "Nette\\": "src"
                },
                "classmap": [
                    "src/"
                ]
            },
            "notification-url": "https://packagist.org/downloads/",
            "license": [
                "BSD-3-Clause",
                "GPL-2.0-only",
                "GPL-3.0-only"
            ],
            "authors": [
                {
                    "name": "David Grudl",
                    "homepage": "https://davidgrudl.com"
                },
                {
                    "name": "Nette Community",
                    "homepage": "https://nette.org/contributors"
                }
            ],
            "description": "🍸 Nette NEON: encodes and decodes NEON file format.",
            "homepage": "https://neon.nette.org",
            "keywords": [
                "export",
                "import",
                "neon",
                "nette",
                "yaml"
            ],
            "support": {
                "issues": "https://github.com/nette/neon/issues",
                "source": "https://github.com/nette/neon/tree/v3.4.8"
            },
            "time": "2026-05-11T21:34:00+00:00"
        }
    ],
    "packages-dev": [],
    "aliases": [],
    "minimum-stability": "stable",
    "stability-flags": {},
    "prefer-stable": false,
    "prefer-lowest": false,
    "platform": {
        "php": "8.4 - 8.5"
    },
    "platform-dev": {},
    "platform-overrides": {
        "php": "8.4.0"
    },
    "plugin-api-version": "2.9.0"
}
